
Microsoft Visual Studio Solution File, Format Version 12.00
# Visual Studio 15
Project("{FAE04EC0-301F-11D3-BF4B-00C04F79EFBC}") = "MazeGenerator", "MazeGenerator\MazeGenerator.csproj", "{02948635-2D3B-4254-ACD6-6C59E2B3923D}"
EndProject
Global
	GlobalSection(SolutionConfigurationPlatforms) = preSolution
		Debug|anycpu = Debug|anycpu
		Release|anycpu = Release|anycpu
	EndGlobalSection
	GlobalSection(ProjectConfigurationPlatforms) = postSolution
		{02948635-2D3B-4254-ACD6-6C59E2B3923D}.Debug|anycpu.ActiveCfg = Debug|anycpu
		{02948635-2D3B-4254-ACD6-6C59E2B3923D}.Debug|anycpu.Build.0 = Debug|anycpu
		{02948635-2D3B-4254-ACD6-6C59E2B3923D}.Release|anycpu.ActiveCfg = Release|anycpu
		{02948635-2D3B-4254-ACD6-6C59E2B3923D}.Release|anycpu.Build.0 = Release|anycpu
	EndGlobalSection
EndGlobal
